// !$*UTF8*$!
{
	archiveVersion = 1;
	classes = {
	};
	objectVersion = 50;
	objects = {

/* Begin PBXBuildFile section */
		18311AD4254E5E2E0087D3E6 /* AppDelegate.m in Sources */ = {isa = PBXBuildFile; fileRef = 18311AD3254E5E2E0087D3E6 /* AppDelegate.m */; };
		18311AD7254E5E2E0087D3E6 /* SceneDelegate.m in Sources */ = {isa = PBXBuildFile; fileRef = 18311AD6254E5E2E0087D3E6 /* SceneDelegate.m */; };
		18311ADA254E5E2E0087D3E6 /* ViewController.m in Sources */ = {isa = PBXBuildFile; fileRef = 18311AD9254E5E2E0087D3E6 /* ViewController.m */; };
		18311ADD254E5E2E0087D3E6 /* Main.storyboard in Resources */ = {isa = PBXBuildFile; fileRef = 18311ADB254E5E2E0087D3E6 /* Main.storyboard */; };
		18311ADF254E5E300087D3E6 /* Assets.xcassets in Resources */ = {isa = PBXBuildFile; fileRef = 18311ADE254E5E300087D3E6 /* Assets.xcassets */; };
		18311AE2254E5E300087D3E6 /* LaunchScreen.storyboard in Resources */ = {isa = PBXBuildFile; fileRef = 18311AE0254E5E300087D3E6 /* LaunchScreen.storyboard */; };
		18311AE5254E5E300087D3E6 /* main.m in Sources */ = {isa = PBXBuildFile; fileRef = 18311AE4254E5E300087D3E6 /* main.m */; };
/* End PBXBuildFile section */

/* Begin PBXFileReference section */
		18311ACF254E5E2E0087D3E6 /* HUDAudioManagerDemo.app */ = {isa = PBXFileReference; explicitFileType = wrapper.application; includeInIndex = 0; path = HUDAudioManagerDemo.app; sourceTree = BUILT_PRODUCTS_DIR; };
		18311AD2254E5E2E0087D3E6 /* AppDelegate.h */ = {isa = PBXFileReference; lastKnownFileType = sourcecode.c.h; path = AppDelegate.h; sourceTree = "<group>"; };
		18311AD3254E5E2E0087D3E6 /* AppDelegate.m */ = {isa = PBXFileReference; lastKnownFileType = sourcecode.c.objc; path = AppDelegate.m; sourceTree = "<group>"; };
		18311AD5254E5E2E0087D3E6 /* SceneDelegate.h */ = {isa = PBXFileReference; lastKnownFileType = sourcecode.c.h; path = SceneDelegate.h; sourceTree = "<group>"; };
		18311AD6254E5E2E0087D3E6 /* SceneDelegate.m */ = {isa = PBXFileReference; lastKnownFileType = sourcecode.c.objc; path = SceneDelegate.m; sourceTree = "<group>"; };
		18311AD8254E5E2E0087D3E6 /* ViewController.h */ = {isa = PBXFileReference; lastKnownFileType = sourcecode.c.h; path = ViewController.h; sourceTree = "<group>"; };
		18311AD9254E5E2E0087D3E6 /* ViewController.m */ = {isa = PBXFileReference; lastKnownFileType = sourcecode.c.objc; path = ViewController.m; sourceTree = "<group>"; };
		18311ADC254E5E2E0087D3E6 /* Base */ = {isa = PBXFileReference; lastKnownFileType = file.storyboard; name = Base; path = Base.lproj/Main.storyboard; sourceTree = "<group>"; };
		18311ADE254E5E300087D3E6 /* Assets.xcassets */ = {isa = PBXFileReference; lastKnownFileType = folder.assetcatalog; path = Assets.xcassets; sourceTree = "<group>"; };
		18311AE1254E5E300087D3E6 /* Base */ = {isa = PBXFileReference; lastKnownFileType = file.storyboard; name = Base; path = Base.lproj/LaunchScreen.storyboard; sourceTree = "<group>"; };
		18311AE3254E5E300087D3E6 /* Info.plist */ = {isa = PBXFileReference; lastKnownFileType = text.plist.xml; path = Info.plist; sourceTree = "<group>"; };
		18311AE4254E5E300087D3E6 /* main.m */ = {isa = PBXFileReference; lastKnownFileType = sourcecode.c.objc; path = main.m; sourceTree = "<group>"; };
/* End PBXFileReference section */

/* Begin PBXFrameworksBuildPhase section */
		18311ACC254E5E2E0087D3E6 /* Frameworks */ = {
			isa = PBXFrameworksBuildPhase;
			buildActionMask = 2147483647;
			files = (
			);
			runOnlyForDeploymentPostprocessing = 0;
		};
/* End PBXFrameworksBuildPhase section */

/* Begin PBXGroup section */
		18311AC6254E5E2E0087D3E6 = {
			isa = PBXGroup;
			children = (
				18311AD1254E5E2E0087D3E6 /* HUDAudioManagerDemo */,
				18311AD0254E5E2E0087D3E6 /* Products */,
			);
			sourceTree = "<group>";
		};
		18311AD0254E5E2E0087D3E6 /* Products */ = {
			isa = PBXGroup;
			children = (
				18311ACF254E5E2E0087D3E6 /* HUDAudioManagerDemo.app */,
			);
			name = Products;
			sourceTree = "<group>";
		};
		18311AD1254E5E2E0087D3E6 /* HUDAudioManagerDemo */ = {
			isa = PBXGroup;
			children = (
				18311AD2254E5E2E0087D3E6 /* AppDelegate.h */,
				18311AD3254E5E2E0087D3E6 /* AppDelegate.m */,
				18311AD5254E5E2E0087D3E6 /* SceneDelegate.h */,
				18311AD6254E5E2E0087D3E6 /* SceneDelegate.m */,
				18311AD8254E5E2E0087D3E6 /* ViewController.h */,
				18311AD9254E5E2E0087D3E6 /* ViewController.m */,
				18311ADB254E5E2E0087D3E6 /* Main.storyboard */,
				18311ADE254E5E300087D3E6 /* Assets.xcassets */,
				18311AE0254E5E300087D3E6 /* LaunchScreen.storyboard */,
				18311AE3254E5E300087D3E6 /* Info.plist */,
				18311AE4254E5E300087D3E6 /* main.m */,
			);
			path = HUDAudioManagerDemo;
			sourceTree = "<group>";
		};
/* End PBXGroup section */

/* Begin PBXNativeTarget section */
		18311ACE254E5E2E0087D3E6 /* HUDAudioManagerDemo */ = {
			isa = PBXNativeTarget;
			buildConfigurationList = 18311AE8254E5E300087D3E6 /* Build configuration list for PBXNativeTarget "HUDAudioManagerDemo" */;
			buildPhases = (
				18311ACB254E5E2E0087D3E6 /* Sources */,
				18311ACC254E5E2E0087D3E6 /* Frameworks */,
				18311ACD254E5E2E0087D3E6 /* Resources */,
			);
			buildRules = (
			);
			dependencies = (
			);
			name = HUDAudioManagerDemo;
			productName = HUDAudioManagerDemo;
			productReference = 18311ACF254E5E2E0087D3E6 /* HUDAudioManagerDemo.app */;
			productType = "com.apple.product-type.application";
		};
/* End PBXNativeTarget section */

/* Begin PBXProject section */
		18311AC7254E5E2E0087D3E6 /* Project object */ = {
			isa = PBXProject;
			attributes = {
				LastUpgradeCheck = 1160;
				ORGANIZATIONNAME = Meterwhite;
				TargetAttributes = {
					18311ACE254E5E2E0087D3E6 = {
						CreatedOnToolsVersion = 11.6;
					};
				};
			};
			buildConfigurationList = 18311ACA254E5E2E0087D3E6 /* Build configuration list for PBXProject "HUDAudioManagerDemo" */;
			compatibilityVersion = "Xcode 9.3";
			developmentRegion = en;
			hasScannedForEncodings = 0;
			knownRegions = (
				en,
				Base,
			);
			mainGroup = 18311AC6254E5E2E0087D3E6;
			productRefGroup = 18311AD0254E5E2E0087D3E6 /* Products */;
			projectDirPath = "";
			projectRoot = "";
			targets = (
				18311ACE254E5E2E0087D3E6 /* HUDAudioManagerDemo */,
			);
		};
/* End PBXProject section */

/* Begin PBXResourcesBuildPhase section */
		18311ACD254E5E2E0087D3E6 /* Resources */ = {
			isa = PBXResourcesBuildPhase;
			buildActionMask = 2147483647;
			files = (
				18311AE2254E5E300087D3E6 /* LaunchScreen.storyboard in Resources */,
				18311ADF254E5E300087D3E6 /* Assets.xcassets in Resources */,
				18311ADD254E5E2E0087D3E6 /* Main.storyboard in Resources */,
			);
			runOnlyForDeploymentPostprocessing = 0;
		};
/* End PBXResourcesBuildPhase section */

/* Begin PBXSourcesBuildPhase section */
		18311ACB254E5E2E0087D3E6 /* Sources */ = {
			isa = PBXSourcesBuildPhase;
			buildActionMask = 2147483647;
			files = (
				18311ADA254E5E2E0087D3E6 /* ViewController.m in Sources */,
				18311AD4254E5E2E0087D3E6 /* AppDelegate.m in Sources */,
				18311AE5254E5E300087D3E6 /* main.m in Sources */,
				18311AD7254E5E2E0087D3E6 /* SceneDelegate.m in Sources */,
			);
			runOnlyForDeploymentPostprocessing = 0;
		};
/* End PBXSourcesBuildPhase section */

/* Begin PBXVariantGroup section */
		18311ADB254E5E2E0087D3E6 /* Main.storyboard */ = {
			isa = PBXVariantGroup;
			children = (
				18311ADC254E5E2E0087D3E6 /* Base */,
			);
			name = Main.storyboard;
			sourceTree = "<group>";
		};
		18311AE0254E5E300087D3E6 /* LaunchScreen.storyboard */ = {
			isa = PBXVariantGroup;
			children = (
				18311AE1254E5E300087D3E6 /* Base */,
			);
			name = LaunchScreen.storyboard;
			sourceTree = "<group>";
		};
/* End PBXVariantGroup section */

/* Begin XCBuildConfiguration section */
		18311AE6254E5E300087D3E6 /* Debug */ = {
			isa = XCBuildConfiguration;
			buildSettings = {
				ALWAYS_SEARCH_USER_PATHS = NO;
				CLANG_ANALYZER_NONNULL = YES;
				CLANG_ANALYZER_NUMBER_OBJECT_CONVERSION = YES_AGGRESSIVE;
				CLANG_CXX_LANGUAGE_STANDARD = "gnu++14";
				CLANG_CXX_LIBRARY = "libc++";
				CLANG_ENABLE_MODULES = YES;
				CLANG_ENABLE_OBJC_ARC = YES;
				CLANG_ENABLE_OBJC_WEAK = YES;
				CLANG_WARN_BLOCK_CAPTURE_AUTORELEASING = YES;
				CLANG_WARN_BOOL_CONVERSION = YES;
				CLANG_WARN_COMMA = YES;
				CLANG_WARN_CONSTANT_CONVERSION = YES;
				CLANG_WARN_DEPRECATED_OBJC_IMPLEMENTATIONS = YES;
				CLANG_WARN_DIRECT_OBJC_ISA_USAGE = YES_ERROR;
				CLANG_WARN_DOCUMENTATION_COMMENTS = YES;
				CLANG_WARN_EMPTY_BODY = YES;
				CLANG_WARN_ENUM_CONVERSION = YES;
				CLANG_WARN_INFINITE_RECURSION = YES;
				CLANG_WARN_INT_CONVERSION = YES;
				CLANG_WARN_NON_LITERAL_NULL_CONVERSION = YES;
				CLANG_WARN_OBJC_IMPLICIT_RETAIN_SELF = YES;
				CLANG_WARN_OBJC_LITERAL_CONVERSION = YES;
				CLANG_WARN_OBJC_ROOT_CLASS = YES_ERROR;
				CLANG_WARN_RANGE_LOOP_ANALYSIS = YES;
				CLANG_WARN_STRICT_PROTOTYPES = YES;
				CLANG_WARN_SUSPICIOUS_MOVE = YES;
				CLANG_WARN_UNGUARDED_AVAILABILITY = YES_AGGRESSIVE;
				CLANG_WARN_UNREACHABLE_CODE = YES;
				CLANG_WARN__DUPLICATE_METHOD_MATCH = YES;
				COPY_PHASE_STRIP = NO;
				DEBUG_INFORMATION_FORMAT = dwarf;
				ENABLE_STRICT_OBJC_MSGSEND = YES;
				ENABLE_TESTABILITY = YES;
				GCC_C_LANGUAGE_STANDARD = gnu11;
				GCC_DYNAMIC_NO_PIC = NO;
				GCC_NO_COMMON_BLOCKS = YES;
				GCC_OPTIMIZATION_LEVEL = 0;
				GCC_PREPROCESSOR_DEFINITIONS = (
					"DEBUG=1",
					"$(inherited)",
				);
				GCC_WARN_64_TO_32_BIT_CONVERSION = YES;
				GCC_WARN_ABOUT_RETURN_TYPE = YES_ERROR;
				GCC_WARN_UNDECLARED_SELECTOR = YES;
				GCC_WARN_UNINITIALIZED_AUTOS = YES_AGGRESSIVE;
				GCC_WARN_UNUSED_FUNCTION = YES;
				GCC_WARN_UNUSED_VARIABLE = YES;
				IPHONEOS_DEPLOYMENT_TARGET = 13.6;
				MTL_ENABLE_DEBUG_INFO = INCLUDE_SOURCE;
				MTL_FAST_MATH = YES;
				ONLY_ACTIVE_ARCH = YES;
				SDKROOT = iphoneos;
			};
			name = Debug;
		};
		18311AE7254E5E300087D3E6 /* Release */ = {
			isa = XCBuildConfiguration;
			buildSettings = {
				ALWAYS_SEARCH_USER_PATHS = NO;
				CLANG_ANALYZER_NONNULL = YES;
				CLANG_ANALYZER_NUMBER_OBJECT_CONVERSION = YES_AGGRESSIVE;
				CLANG_CXX_LANGUAGE_STANDARD = "gnu++14";
				CLANG_CXX_LIBRARY = "libc++";
				CLANG_ENABLE_MODULES = YES;
				CLANG_ENABLE_OBJC_ARC = YES;
				CLANG_ENABLE_OBJC_WEAK = YES;
				CLANG_WARN_BLOCK_CAPTURE_AUTORELEASING = YES;
				CLANG_WARN_BOOL_CONVERSION = YES;
				CLANG_WARN_COMMA = YES;
				CLANG_WARN_CONSTANT_CONVERSION = YES;
				CLANG_WARN_DEPRECATED_OBJC_IMPLEMENTATIONS = YES;
				CLANG_WARN_DIRECT_OBJC_ISA_USAGE = YES_ERROR;
				CLANG_WARN_DOCUMENTATION_COMMENTS = YES;
				CLANG_WARN_EMPTY_BODY = YES;
				CLANG_WARN_ENUM_CONVERSION = YES;
				CLANG_WARN_INFINITE_RECURSION = YES;
				CLANG_WARN_INT_CONVERSION = YES;
				CLANG_WARN_NON_LITERAL_NULL_CONVERSION = YES;
				CLANG_WARN_OBJC_IMPLICIT_RETAIN_SELF = YES;
				CLANG_WARN_OBJC_LITERAL_CONVERSION = YES;
				CLANG_WARN_OBJC_ROOT_CLASS = YES_ERROR;
				CLANG_WARN_RANGE_LOOP_ANALYSIS = YES;
				CLANG_WARN_STRICT_PROTOTYPES = YES;
				CLANG_WARN_SUSPICIOUS_MOVE = YES;
				CLANG_WARN_UNGUARDED_AVAILABILITY = YES_AGGRESSIVE;
				CLANG_WARN_UNREACHABLE_CODE = YES;
				CLANG_WARN__DUPLICATE_METHOD_MATCH = YES;
				COPY_PHASE_STRIP = NO;
				DEBUG_INFORMATION_FORMAT = "dwarf-with-dsym";
				ENABLE_NS_ASSERTIONS = NO;
				ENABLE_STRICT_OBJC_MSGSEND = YES;
				GCC_C_LANGUAGE_STANDARD = gnu11;
				GCC_NO_COMMON_BLOCKS = YES;
				GCC_WARN_64_TO_32_BIT_CONVERSION = YES;
				GCC_WARN_ABOUT_RETURN_TYPE = YES_ERROR;
				GCC_WARN_UNDECLARED_SELECTOR = YES;
				GCC_WARN_UNINITIALIZED_AUTOS = YES_AGGRESSIVE;
				GCC_WARN_UNUSED_FUNCTION = YES;
				GCC_WARN_UNUSED_VARIABLE = YES;
				IPHONEOS_DEPLOYMENT_TARGET = 13.6;
				MTL_ENABLE_DEBUG_INFO = NO;
				MTL_FAST_MATH = YES;
				SDKROOT = iphoneos;
				VALIDATE_PRODUCT = YES;
			};
			name = Release;
		};
		18311AE9254E5E300087D3E6 /* Debug */ = {
			isa = XCBuildConfiguration;
			buildSettings = {
				ASSETCATALOG_COMPILER_APPICON_NAME = AppIcon;
				CODE_SIGN_STYLE = Automatic;
				INFOPLIST_FILE = HUDAudioManagerDemo/Info.plist;
				LD_RUNPATH_SEARCH_PATHS = (
					"$(inherited)",
					"@executable_path/Frameworks",
				);
				PRODUCT_BUNDLE_IDENTIFIER = com.metherwhite.HUDAudioManager.HUDAudioManagerDemo;
				PRODUCT_NAME = "$(TARGET_NAME)";
				TARGETED_DEVICE_FAMILY = "1,2";
			};
			name = Debug;
		};
		18311AEA254E5E300087D3E6 /* Release */ = {
			isa = XCBuildConfiguration;
			buildSettings = {
				ASSETCATALOG_COMPILER_APPICON_NAME = AppIcon;
				CODE_SIGN_STYLE = Automatic;
				INFOPLIST_FILE = HUDAudioManagerDemo/Info.plist;
				LD_RUNPATH_SEARCH_PATHS = (
					"$(inherited)",
					"@executable_path/Frameworks",
				);
				PRODUCT_BUNDLE_IDENTIFIER = com.metherwhite.HUDAudioManager.HUDAudioManagerDemo;
				PRODUCT_NAME = "$(TARGET_NAME)";
				TARGETED_DEVICE_FAMILY = "1,2";
			};
			name = Release;
		};
/* End XCBuildConfiguration section */

/* Begin XCConfigurationList section */
		18311ACA254E5E2E0087D3E6 /* Build configuration list for PBXProject "HUDAudioManagerDemo" */ = {
			isa = XCConfigurationList;
			buildConfigurations = (
				18311AE6254E5E300087D3E6 /* Debug */,
				18311AE7254E5E300087D3E6 /* Release */,
			);
			defaultConfigurationIsVisible = 0;
			defaultConfigurationName = Release;
		};
		18311AE8254E5E300087D3E6 /* Build configuration list for PBXNativeTarget "HUDAudioManagerDemo" */ = {
			isa = XCConfigurationList;
			buildConfigurations = (
				18311AE9254E5E300087D3E6 /* Debug */,
				18311AEA254E5E300087D3E6 /* Release */,
			);
			defaultConfigurationIsVisible = 0;
			defaultConfigurationName = Release;
		};
/* End XCConfigurationList section */
	};
	rootObject = 18311AC7254E5E2E0087D3E6 /* Project object */;
}
